
Microsoft Visual Studio Solution File, Format Version 12.00
# Visual Studio 14
VisualStudioVersion = 14.0.25420.1
MinimumVisualStudioVersion = 10.0.40219.1
Project("{FAE04EC0-301F-11D3-BF4B-00C04F79EFBC}") = "TpfrClient", "TpfrClient\TpfrClient.csproj", "{A551AFAB-F765-4EA2-8DD9-AF31CAA18758}"
EndProject
Project("{FAE04EC0-301F-11D3-BF4B-00C04F79EFBC}") = "TpfrClientTest", "TpfrClientTest\TpfrClientTest.csproj", "{3134019D-039E-4D55-B27B-C07545ABF7B8}"
EndProject
Project("{FAE04EC0-301F-11D3-BF4B-00C04F79EFBC}") = "TpftClientIntegrationTest", "TpftClientIntegrationTest\TpftClientIntegrationTest.csproj", "{F035A37B-3DF1-45F3-87C6-42569C2590C1}"
EndProject
Global
	GlobalSection(SolutionConfigurationPlatforms) = preSolution
		Debug|Any CPU = Debug|Any CPU
		Release|Any CPU = Release|Any CPU
	EndGlobalSection
	GlobalSection(ProjectConfigurationPlatforms) = postSolution
		{A551AFAB-F765-4EA2-8DD9-AF31CAA18758}.Debug|Any CPU.ActiveCfg = Debug|Any CPU
		{A551AFAB-F765-4EA2-8DD9-AF31CAA18758}.Debug|Any CPU.Build.0 = Debug|Any CPU
		{A551AFAB-F765-4EA2-8DD9-AF31CAA18758}.Release|Any CPU.ActiveCfg = Release|Any CPU
		{A551AFAB-F765-4EA2-8DD9-AF31CAA18758}.Release|Any CPU.Build.0 = Release|Any CPU
		{3134019D-039E-4D55-B27B-C07545ABF7B8}.Debug|Any CPU.ActiveCfg = Debug|Any CPU
		{3134019D-039E-4D55-B27B-C07545ABF7B8}.Debug|Any CPU.Build.0 = Debug|Any CPU
		{3134019D-039E-4D55-B27B-C07545ABF7B8}.Release|Any CPU.ActiveCfg = Release|Any CPU
		{3134019D-039E-4D55-B27B-C07545ABF7B8}.Release|Any CPU.Build.0 = Release|Any CPU
		{F035A37B-3DF1-45F3-87C6-42569C2590C1}.Debug|Any CPU.ActiveCfg = Debug|Any CPU
		{F035A37B-3DF1-45F3-87C6-42569C2590C1}.Debug|Any CPU.Build.0 = Debug|Any CPU
		{F035A37B-3DF1-45F3-87C6-42569C2590C1}.Release|Any CPU.ActiveCfg = Release|Any CPU
		{F035A37B-3DF1-45F3-87C6-42569C2590C1}.Release|Any CPU.Build.0 = Release|Any CPU
	EndGlobalSection
	GlobalSection(SolutionProperties) = preSolution
		HideSolutionNode = FALSE
	EndGlobalSection
EndGlobal
